// !$*UTF8*$!
{
	archiveVersion = 1;
	classes = {
	};
	objectVersion = 50;
	objects = {

/* Begin PBXBuildFile section */
		4C812A1222326CC5000153B9 /* AppDelegate.swift in Sources */ = {isa = PBXBuildFile; fileRef = 4C812A1122326CC5000153B9 /* AppDelegate.swift */; };
		4C812A1422326CC5000153B9 /* ViewController.swift in Sources */ = {isa = PBXBuildFile; fileRef = 4C812A1322326CC5000153B9 /* ViewController.swift */; };
		4C812A1722326CC5000153B9 /* Main.storyboard in Resources */ = {isa = PBXBuildFile; fileRef = 4C812A1522326CC5000153B9 /* Main.storyboard */; };
		4C812A1922326CC8000153B9 /* Assets.xcassets in Resources */ = {isa = PBXBuildFile; fileRef = 4C812A1822326CC8000153B9 /* Assets.xcassets */; };
		4C812A1C22326CC8000153B9 /* LaunchScreen.storyboard in Resources */ = {isa = PBXBuildFile; fileRef = 4C812A1A22326CC8000153B9 /* LaunchScreen.storyboard */; };
		4C812A242232740B000153B9 /* AirportDetails.json in Resources */ = {isa = PBXBuildFile; fileRef = 4C812A232232740B000153B9 /* AirportDetails.json */; };
		4C812A27223276C3000153B9 /* AllAirportDetails.swift in Sources */ = {isa = PBXBuildFile; fileRef = 4C812A26223276C3000153B9 /* AllAirportDetails.swift */; };
		4C812A29223277BC000153B9 /* Country.swift in Sources */ = {isa = PBXBuildFile; fileRef = 4C812A28223277BC000153B9 /* Country.swift */; };
		4C812A2B223278BC000153B9 /* State.swift in Sources */ = {isa = PBXBuildFile; fileRef = 4C812A2A223278BC000153B9 /* State.swift */; };
		4C812A2D223279EA000153B9 /* Airport.swift in Sources */ = {isa = PBXBuildFile; fileRef = 4C812A2C223279EA000153B9 /* Airport.swift */; };
		4C8831A322413E2B000F1B60 /* AirportListProtocols.swift in Sources */ = {isa = PBXBuildFile; fileRef = 4C8831A222413E2B000F1B60 /* AirportListProtocols.swift */; };
		4C8831A62241484C000F1B60 /* AirportListRouter.swift in Sources */ = {isa = PBXBuildFile; fileRef = 4C8831A52241484C000F1B60 /* AirportListRouter.swift */; };
		4C8831A8224149D0000F1B60 /* AerLingusDemoPresenter.swift in Sources */ = {isa = PBXBuildFile; fileRef = 4C8831A7224149D0000F1B60 /* AerLingusDemoPresenter.swift */; };
		4C8831AB22414A8C000F1B60 /* AerLingusDemoProtocols.swift in Sources */ = {isa = PBXBuildFile; fileRef = 4C8831AA22414A8C000F1B60 /* AerLingusDemoProtocols.swift */; };
		4C8831AD22414B7E000F1B60 /* AerLingusDemoInteractor.swift in Sources */ = {isa = PBXBuildFile; fileRef = 4C8831AC22414B7E000F1B60 /* AerLingusDemoInteractor.swift */; };
		4C8831AF22425227000F1B60 /* AerLingusDemoRouter.swift in Sources */ = {isa = PBXBuildFile; fileRef = 4C8831AE22425227000F1B60 /* AerLingusDemoRouter.swift */; };
		4C8831B122453474000F1B60 /* AirportListPresenter.swift in Sources */ = {isa = PBXBuildFile; fileRef = 4C8831B022453474000F1B60 /* AirportListPresenter.swift */; };
		4C8831B42245447D000F1B60 /* AirportListInteractor.swift in Sources */ = {isa = PBXBuildFile; fileRef = 4C8831B32245447D000F1B60 /* AirportListInteractor.swift */; };
		4CEDCDF9224A42D800904222 /* AirportsListViewController.swift in Sources */ = {isa = PBXBuildFile; fileRef = 4CEDCDF7224A42D800904222 /* AirportsListViewController.swift */; };
		4CEDCDFA224A42D800904222 /* AirportsListViewController.xib in Resources */ = {isa = PBXBuildFile; fileRef = 4CEDCDF8224A42D800904222 /* AirportsListViewController.xib */; };
/* End PBXBuildFile section */

/* Begin PBXFileReference section */
		4C812A0E22326CC5000153B9 /* AerLingusDemo.app */ = {isa = PBXFileReference; explicitFileType = wrapper.application; includeInIndex = 0; path = AerLingusDemo.app; sourceTree = BUILT_PRODUCTS_DIR; };
		4C812A1122326CC5000153B9 /* AppDelegate.swift */ = {isa = PBXFileReference; lastKnownFileType = sourcecode.swift; path = AppDelegate.swift; sourceTree = "<group>"; };
		4C812A1322326CC5000153B9 /* ViewController.swift */ = {isa = PBXFileReference; lastKnownFileType = sourcecode.swift; path = ViewController.swift; sourceTree = "<group>"; };
		4C812A1622326CC5000153B9 /* Base */ = {isa = PBXFileReference; lastKnownFileType = file.storyboard; name = Base; path = Base.lproj/Main.storyboard; sourceTree = "<group>"; };
		4C812A1822326CC8000153B9 /* Assets.xcassets */ = {isa = PBXFileReference; lastKnownFileType = folder.assetcatalog; path = Assets.xcassets; sourceTree = "<group>"; };
		4C812A1B22326CC8000153B9 /* Base */ = {isa = PBXFileReference; lastKnownFileType = file.storyboard; name = Base; path = Base.lproj/LaunchScreen.storyboard; sourceTree = "<group>"; };
		4C812A1D22326CC8000153B9 /* Info.plist */ = {isa = PBXFileReference; lastKnownFileType = text.plist.xml; path = Info.plist; sourceTree = "<group>"; };
		4C812A232232740B000153B9 /* AirportDetails.json */ = {isa = PBXFileReference; fileEncoding = 4; lastKnownFileType = text.json; path = AirportDetails.json; sourceTree = "<group>"; };
		4C812A26223276C3000153B9 /* AllAirportDetails.swift */ = {isa = PBXFileReference; lastKnownFileType = sourcecode.swift; path = AllAirportDetails.swift; sourceTree = "<group>"; };
		4C812A28223277BC000153B9 /* Country.swift */ = {isa = PBXFileReference; lastKnownFileType = sourcecode.swift; path = Country.swift; sourceTree = "<group>"; };
		4C812A2A223278BC000153B9 /* State.swift */ = {isa = PBXFileReference; lastKnownFileType = sourcecode.swift; path = State.swift; sourceTree = "<group>"; };
		4C812A2C223279EA000153B9 /* Airport.swift */ = {isa = PBXFileReference; lastKnownFileType = sourcecode.swift; path = Airport.swift; sourceTree = "<group>"; };
		4C8831A222413E2B000F1B60 /* AirportListProtocols.swift */ = {isa = PBXFileReference; lastKnownFileType = sourcecode.swift; path = AirportListProtocols.swift; sourceTree = "<group>"; };
		4C8831A52241484C000F1B60 /* AirportListRouter.swift */ = {isa = PBXFileReference; lastKnownFileType = sourcecode.swift; path = AirportListRouter.swift; sourceTree = "<group>"; };
		4C8831A7224149D0000F1B60 /* AerLingusDemoPresenter.swift */ = {isa = PBXFileReference; lastKnownFileType = sourcecode.swift; path = AerLingusDemoPresenter.swift; sourceTree = "<group>"; };
		4C8831AA22414A8C000F1B60 /* AerLingusDemoProtocols.swift */ = {isa = PBXFileReference; lastKnownFileType = sourcecode.swift; path = AerLingusDemoProtocols.swift; sourceTree = "<group>"; };
		4C8831AC22414B7E000F1B60 /* AerLingusDemoInteractor.swift */ = {isa = PBXFileReference; lastKnownFileType = sourcecode.swift; path = AerLingusDemoInteractor.swift; sourceTree = "<group>"; };
		4C8831AE22425227000F1B60 /* AerLingusDemoRouter.swift */ = {isa = PBXFileReference; lastKnownFileType = sourcecode.swift; path = AerLingusDemoRouter.swift; sourceTree = "<group>"; };
		4C8831B022453474000F1B60 /* AirportListPresenter.swift */ = {isa = PBXFileReference; lastKnownFileType = sourcecode.swift; path = AirportListPresenter.swift; sourceTree = "<group>"; };
		4C8831B32245447D000F1B60 /* AirportListInteractor.swift */ = {isa = PBXFileReference; lastKnownFileType = sourcecode.swift; path = AirportListInteractor.swift; sourceTree = "<group>"; };
		4CEDCDF7224A42D800904222 /* AirportsListViewController.swift */ = {isa = PBXFileReference; lastKnownFileType = sourcecode.swift; path = AirportsListViewController.swift; sourceTree = "<group>"; };
		4CEDCDF8224A42D800904222 /* AirportsListViewController.xib */ = {isa = PBXFileReference; lastKnownFileType = file.xib; path = AirportsListViewController.xib; sourceTree = "<group>"; };
/* End PBXFileReference section */

/* Begin PBXFrameworksBuildPhase section */
		4C812A0B22326CC5000153B9 /* Frameworks */ = {
			isa = PBXFrameworksBuildPhase;
			buildActionMask = 2147483647;
			files = (
			);
			runOnlyForDeploymentPostprocessing = 0;
		};
/* End PBXFrameworksBuildPhase section */

/* Begin PBXGroup section */
		4C812A0522326CC4000153B9 = {
			isa = PBXGroup;
			children = (
				4C812A1022326CC5000153B9 /* AerLingusDemo */,
				4C812A0F22326CC5000153B9 /* Products */,
			);
			sourceTree = "<group>";
		};
		4C812A0F22326CC5000153B9 /* Products */ = {
			isa = PBXGroup;
			children = (
				4C812A0E22326CC5000153B9 /* AerLingusDemo.app */,
			);
			name = Products;
			sourceTree = "<group>";
		};
		4C812A1022326CC5000153B9 /* AerLingusDemo */ = {
			isa = PBXGroup;
			children = (
				4C8831A9224149F6000F1B60 /* AirportList */,
				4C812A232232740B000153B9 /* AirportDetails.json */,
				4C812A1122326CC5000153B9 /* AppDelegate.swift */,
				4C812A1322326CC5000153B9 /* ViewController.swift */,
				4C812A1522326CC5000153B9 /* Main.storyboard */,
				4C812A1822326CC8000153B9 /* Assets.xcassets */,
				4C812A1A22326CC8000153B9 /* LaunchScreen.storyboard */,
				4C812A1D22326CC8000153B9 /* Info.plist */,
				4C8831A7224149D0000F1B60 /* AerLingusDemoPresenter.swift */,
				4C8831AA22414A8C000F1B60 /* AerLingusDemoProtocols.swift */,
				4C8831AC22414B7E000F1B60 /* AerLingusDemoInteractor.swift */,
				4C8831AE22425227000F1B60 /* AerLingusDemoRouter.swift */,
			);
			path = AerLingusDemo;
			sourceTree = "<group>";
		};
		4C812A25223274D3000153B9 /* Entities */ = {
			isa = PBXGroup;
			children = (
				4C812A26223276C3000153B9 /* AllAirportDetails.swift */,
				4C812A28223277BC000153B9 /* Country.swift */,
				4C812A2A223278BC000153B9 /* State.swift */,
				4C812A2C223279EA000153B9 /* Airport.swift */,
			);
			path = Entities;
			sourceTree = "<group>";
		};
		4C88319B22412CDA000F1B60 /* View */ = {
			isa = PBXGroup;
			children = (
				4CEDCDF7224A42D800904222 /* AirportsListViewController.swift */,
				4CEDCDF8224A42D800904222 /* AirportsListViewController.xib */,
			);
			path = View;
			sourceTree = "<group>";
		};
		4C8831A022413CA8000F1B60 /* Router */ = {
			isa = PBXGroup;
			children = (
				4C8831A52241484C000F1B60 /* AirportListRouter.swift */,
			);
			path = Router;
			sourceTree = "<group>";
		};
		4C8831A122413E01000F1B60 /* Protocols */ = {
			isa = PBXGroup;
			children = (
				4C8831A222413E2B000F1B60 /* AirportListProtocols.swift */,
			);
			path = Protocols;
			sourceTree = "<group>";
		};
		4C8831A422414798000F1B60 /* Presenter */ = {
			isa = PBXGroup;
			children = (
				4C8831B022453474000F1B60 /* AirportListPresenter.swift */,
			);
			path = Presenter;
			sourceTree = "<group>";
		};
		4C8831A9224149F6000F1B60 /* AirportList */ = {
			isa = PBXGroup;
			children = (
				4C8831B22245445B000F1B60 /* Interactor */,
				4C8831A422414798000F1B60 /* Presenter */,
				4C8831A122413E01000F1B60 /* Protocols */,
				4C8831A022413CA8000F1B60 /* Router */,
				4C88319B22412CDA000F1B60 /* View */,
				4C812A25223274D3000153B9 /* Entities */,
			);
			path = AirportList;
			sourceTree = "<group>";
		};
		4C8831B22245445B000F1B60 /* Interactor */ = {
			isa = PBXGroup;
			children = (
				4C8831B32245447D000F1B60 /* AirportListInteractor.swift */,
			);
			path = Interactor;
			sourceTree = "<group>";
		};
/* End PBXGroup section */

/* Begin PBXNativeTarget section */
		4C812A0D22326CC5000153B9 /* AerLingusDemo */ = {
			isa = PBXNativeTarget;
			buildConfigurationList = 4C812A2022326CC8000153B9 /* Build configuration list for PBXNativeTarget "AerLingusDemo" */;
			buildPhases = (
				4C812A0A22326CC5000153B9 /* Sources */,
				4C812A0B22326CC5000153B9 /* Frameworks */,
				4C812A0C22326CC5000153B9 /* Resources */,
			);
			buildRules = (
			);
			dependencies = (
			);
			name = AerLingusDemo;
			productName = AerLingusDemo;
			productReference = 4C812A0E22326CC5000153B9 /* AerLingusDemo.app */;
			productType = "com.apple.product-type.application";
		};
/* End PBXNativeTarget section */

/* Begin PBXProject section */
		4C812A0622326CC4000153B9 /* Project object */ = {
			isa = PBXProject;
			attributes = {
				LastSwiftUpdateCheck = 1010;
				LastUpgradeCheck = 1010;
				ORGANIZATIONNAME = "Mark Sharvin";
				TargetAttributes = {
					4C812A0D22326CC5000153B9 = {
						CreatedOnToolsVersion = 10.1;
					};
				};
			};
			buildConfigurationList = 4C812A0922326CC4000153B9 /* Build configuration list for PBXProject "AerLingusDemo" */;
			compatibilityVersion = "Xcode 9.3";
			developmentRegion = en;
			hasScannedForEncodings = 0;
			knownRegions = (
				en,
				Base,
			);
			mainGroup = 4C812A0522326CC4000153B9;
			productRefGroup = 4C812A0F22326CC5000153B9 /* Products */;
			projectDirPath = "";
			projectRoot = "";
			targets = (
				4C812A0D22326CC5000153B9 /* AerLingusDemo */,
			);
		};
/* End PBXProject section */

/* Begin PBXResourcesBuildPhase section */
		4C812A0C22326CC5000153B9 /* Resources */ = {
			isa = PBXResourcesBuildPhase;
			buildActionMask = 2147483647;
			files = (
				4CEDCDFA224A42D800904222 /* AirportsListViewController.xib in Resources */,
				4C812A1C22326CC8000153B9 /* LaunchScreen.storyboard in Resources */,
				4C812A1922326CC8000153B9 /* Assets.xcassets in Resources */,
				4C812A242232740B000153B9 /* AirportDetails.json in Resources */,
				4C812A1722326CC5000153B9 /* Main.storyboard in Resources */,
			);
			runOnlyForDeploymentPostprocessing = 0;
		};
/* End PBXResourcesBuildPhase section */

/* Begin PBXSourcesBuildPhase section */
		4C812A0A22326CC5000153B9 /* Sources */ = {
			isa = PBXSourcesBuildPhase;
			buildActionMask = 2147483647;
			files = (
				4C812A29223277BC000153B9 /* Country.swift in Sources */,
				4C812A1422326CC5000153B9 /* ViewController.swift in Sources */,
				4C8831B42245447D000F1B60 /* AirportListInteractor.swift in Sources */,
				4C8831AF22425227000F1B60 /* AerLingusDemoRouter.swift in Sources */,
				4C812A27223276C3000153B9 /* AllAirportDetails.swift in Sources */,
				4C8831AB22414A8C000F1B60 /* AerLingusDemoProtocols.swift in Sources */,
				4CEDCDF9224A42D800904222 /* AirportsListViewController.swift in Sources */,
				4C8831A8224149D0000F1B60 /* AerLingusDemoPresenter.swift in Sources */,
				4C812A2D223279EA000153B9 /* Airport.swift in Sources */,
				4C8831A62241484C000F1B60 /* AirportListRouter.swift in Sources */,
				4C812A2B223278BC000153B9 /* State.swift in Sources */,
				4C8831B122453474000F1B60 /* AirportListPresenter.swift in Sources */,
				4C812A1222326CC5000153B9 /* AppDelegate.swift in Sources */,
				4C8831AD22414B7E000F1B60 /* AerLingusDemoInteractor.swift in Sources */,
				4C8831A322413E2B000F1B60 /* AirportListProtocols.swift in Sources */,
			);
			runOnlyForDeploymentPostprocessing = 0;
		};
/* End PBXSourcesBuildPhase section */

/* Begin PBXVariantGroup section */
		4C812A1522326CC5000153B9 /* Main.storyboard */ = {
			isa = PBXVariantGroup;
			children = (
				4C812A1622326CC5000153B9 /* Base */,
			);
			name = Main.storyboard;
			sourceTree = "<group>";
		};
		4C812A1A22326CC8000153B9 /* LaunchScreen.storyboard */ = {
			isa = PBXVariantGroup;
			children = (
				4C812A1B22326CC8000153B9 /* Base */,
			);
			name = LaunchScreen.storyboard;
			sourceTree = "<group>";
		};
/* End PBXVariantGroup section */

/* Begin XCBuildConfiguration section */
		4C812A1E22326CC8000153B9 /* Debug */ = {
			isa = XCBuildConfiguration;
			buildSettings = {
				ALWAYS_SEARCH_USER_PATHS = NO;
				CLANG_ANALYZER_NONNULL = YES;
				CLANG_ANALYZER_NUMBER_OBJECT_CONVERSION = YES_AGGRESSIVE;
				CLANG_CXX_LANGUAGE_STANDARD = "gnu++14";
				CLANG_CXX_LIBRARY = "libc++";
				CLANG_ENABLE_MODULES = YES;
				CLANG_ENABLE_OBJC_ARC = YES;
				CLANG_ENABLE_OBJC_WEAK = YES;
				CLANG_WARN_BLOCK_CAPTURE_AUTORELEASING = YES;
				CLANG_WARN_BOOL_CONVERSION = YES;
				CLANG_WARN_COMMA = YES;
				CLANG_WARN_CONSTANT_CONVERSION = YES;
				CLANG_WARN_DEPRECATED_OBJC_IMPLEMENTATIONS = YES;
				CLANG_WARN_DIRECT_OBJC_ISA_USAGE = YES_ERROR;
				CLANG_WARN_DOCUMENTATION_COMMENTS = YES;
				CLANG_WARN_EMPTY_BODY = YES;
				CLANG_WARN_ENUM_CONVERSION = YES;
				CLANG_WARN_INFINITE_RECURSION = YES;
				CLANG_WARN_INT_CONVERSION = YES;
				CLANG_WARN_NON_LITERAL_NULL_CONVERSION = YES;
				CLANG_WARN_OBJC_IMPLICIT_RETAIN_SELF = YES;
				CLANG_WARN_OBJC_LITERAL_CONVERSION = YES;
				CLANG_WARN_OBJC_ROOT_CLASS = YES_ERROR;
				CLANG_WARN_RANGE_LOOP_ANALYSIS = YES;
				CLANG_WARN_STRICT_PROTOTYPES = YES;
				CLANG_WARN_SUSPICIOUS_MOVE = YES;
				CLANG_WARN_UNGUARDED_AVAILABILITY = YES_AGGRESSIVE;
				CLANG_WARN_UNREACHABLE_CODE = YES;
				CLANG_WARN__DUPLICATE_METHOD_MATCH = YES;
				CODE_SIGN_IDENTITY = "iPhone Developer";
				COPY_PHASE_STRIP = NO;
				DEBUG_INFORMATION_FORMAT = dwarf;
				ENABLE_STRICT_OBJC_MSGSEND = YES;
				ENABLE_TESTABILITY = YES;
				GCC_C_LANGUAGE_STANDARD = gnu11;
				GCC_DYNAMIC_NO_PIC = NO;
				GCC_NO_COMMON_BLOCKS = YES;
				GCC_OPTIMIZATION_LEVEL = 0;
				GCC_PREPROCESSOR_DEFINITIONS = (
					"DEBUG=1",
					"$(inherited)",
				);
				GCC_WARN_64_TO_32_BIT_CONVERSION = YES;
				GCC_WARN_ABOUT_RETURN_TYPE = YES_ERROR;
				GCC_WARN_UNDECLARED_SELECTOR = YES;
				GCC_WARN_UNINITIALIZED_AUTOS = YES_AGGRESSIVE;
				GCC_WARN_UNUSED_FUNCTION = YES;
				GCC_WARN_UNUSED_VARIABLE = YES;
				IPHONEOS_DEPLOYMENT_TARGET = 12.1;
				MTL_ENABLE_DEBUG_INFO = INCLUDE_SOURCE;
				MTL_FAST_MATH = YES;
				ONLY_ACTIVE_ARCH = YES;
				SDKROOT = iphoneos;
				SWIFT_ACTIVE_COMPILATION_CONDITIONS = DEBUG;
				SWIFT_OPTIMIZATION_LEVEL = "-Onone";
			};
			name = Debug;
		};
		4C812A1F22326CC8000153B9 /* Release */ = {
			isa = XCBuildConfiguration;
			buildSettings = {
				ALWAYS_SEARCH_USER_PATHS = NO;
				CLANG_ANALYZER_NONNULL = YES;
				CLANG_ANALYZER_NUMBER_OBJECT_CONVERSION = YES_AGGRESSIVE;
				CLANG_CXX_LANGUAGE_STANDARD = "gnu++14";
				CLANG_CXX_LIBRARY = "libc++";
				CLANG_ENABLE_MODULES = YES;
				CLANG_ENABLE_OBJC_ARC = YES;
				CLANG_ENABLE_OBJC_WEAK = YES;
				CLANG_WARN_BLOCK_CAPTURE_AUTORELEASING = YES;
				CLANG_WARN_BOOL_CONVERSION = YES;
				CLANG_WARN_COMMA = YES;
				CLANG_WARN_CONSTANT_CONVERSION = YES;
				CLANG_WARN_DEPRECATED_OBJC_IMPLEMENTATIONS = YES;
				CLANG_WARN_DIRECT_OBJC_ISA_USAGE = YES_ERROR;
				CLANG_WARN_DOCUMENTATION_COMMENTS = YES;
				CLANG_WARN_EMPTY_BODY = YES;
				CLANG_WARN_ENUM_CONVERSION = YES;
				CLANG_WARN_INFINITE_RECURSION = YES;
				CLANG_WARN_INT_CONVERSION = YES;
				CLANG_WARN_NON_LITERAL_NULL_CONVERSION = YES;
				CLANG_WARN_OBJC_IMPLICIT_RETAIN_SELF = YES;
				CLANG_WARN_OBJC_LITERAL_CONVERSION = YES;
				CLANG_WARN_OBJC_ROOT_CLASS = YES_ERROR;
				CLANG_WARN_RANGE_LOOP_ANALYSIS = YES;
				CLANG_WARN_STRICT_PROTOTYPES = YES;
				CLANG_WARN_SUSPICIOUS_MOVE = YES;
				CLANG_WARN_UNGUARDED_AVAILABILITY = YES_AGGRESSIVE;
				CLANG_WARN_UNREACHABLE_CODE = YES;
				CLANG_WARN__DUPLICATE_METHOD_MATCH = YES;
				CODE_SIGN_IDENTITY = "iPhone Developer";
				COPY_PHASE_STRIP = NO;
				DEBUG_INFORMATION_FORMAT = "dwarf-with-dsym";
				ENABLE_NS_ASSERTIONS = NO;
				ENABLE_STRICT_OBJC_MSGSEND = YES;
				GCC_C_LANGUAGE_STANDARD = gnu11;
				GCC_NO_COMMON_BLOCKS = YES;
				GCC_WARN_64_TO_32_BIT_CONVERSION = YES;
				GCC_WARN_ABOUT_RETURN_TYPE = YES_ERROR;
				GCC_WARN_UNDECLARED_SELECTOR = YES;
				GCC_WARN_UNINITIALIZED_AUTOS = YES_AGGRESSIVE;
				GCC_WARN_UNUSED_FUNCTION = YES;
				GCC_WARN_UNUSED_VARIABLE = YES;
				IPHONEOS_DEPLOYMENT_TARGET = 12.1;
				MTL_ENABLE_DEBUG_INFO = NO;
				MTL_FAST_MATH = YES;
				SDKROOT = iphoneos;
				SWIFT_COMPILATION_MODE = wholemodule;
				SWIFT_OPTIMIZATION_LEVEL = "-O";
				VALIDATE_PRODUCT = YES;
			};
			name = Release;
		};
		4C812A2122326CC8000153B9 /* Debug */ = {
			isa = XCBuildConfiguration;
			buildSettings = {
				ASSETCATALOG_COMPILER_APPICON_NAME = AppIcon;
				CODE_SIGN_STYLE = Automatic;
				DEVELOPMENT_TEAM = W253ZV85QH;
				INFOPLIST_FILE = AerLingusDemo/Info.plist;
				LD_RUNPATH_SEARCH_PATHS = (
					"$(inherited)",
					"@executable_path/Frameworks",
				);
				PRODUCT_BUNDLE_IDENTIFIER = com.VanRisk.AerLingusDemo;
				PRODUCT_NAME = "$(TARGET_NAME)";
				SWIFT_VERSION = 4.2;
				TARGETED_DEVICE_FAMILY = "1,2";
			};
			name = Debug;
		};
		4C812A2222326CC8000153B9 /* Release */ = {
			isa = XCBuildConfiguration;
			buildSettings = {
				ASSETCATALOG_COMPILER_APPICON_NAME = AppIcon;
				CODE_SIGN_STYLE = Automatic;
				DEVELOPMENT_TEAM = W253ZV85QH;
				INFOPLIST_FILE = AerLingusDemo/Info.plist;
				LD_RUNPATH_SEARCH_PATHS = (
					"$(inherited)",
					"@executable_path/Frameworks",
				);
				PRODUCT_BUNDLE_IDENTIFIER = com.VanRisk.AerLingusDemo;
				PRODUCT_NAME = "$(TARGET_NAME)";
				SWIFT_VERSION = 4.2;
				TARGETED_DEVICE_FAMILY = "1,2";
			};
			name = Release;
		};
/* End XCBuildConfiguration section */

/* Begin XCConfigurationList section */
		4C812A0922326CC4000153B9 /* Build configuration list for PBXProject "AerLingusDemo" */ = {
			isa = XCConfigurationList;
			buildConfigurations = (
				4C812A1E22326CC8000153B9 /* Debug */,
				4C812A1F22326CC8000153B9 /* Release */,
			);
			defaultConfigurationIsVisible = 0;
			defaultConfigurationName = Release;
		};
		4C812A2022326CC8000153B9 /* Build configuration list for PBXNativeTarget "AerLingusDemo" */ = {
			isa = XCConfigurationList;
			buildConfigurations = (
				4C812A2122326CC8000153B9 /* Debug */,
				4C812A2222326CC8000153B9 /* Release */,
			);
			defaultConfigurationIsVisible = 0;
			defaultConfigurationName = Release;
		};
/* End XCConfigurationList section */
	};
	rootObject = 4C812A0622326CC4000153B9 /* Project object */;
}
